
Microsoft Visual Studio Solution File, Format Version 10.00
# Visual Studio 2008
Project("{FAE04EC0-301F-11D3-BF4B-00C04F79EFBC}") = "KTUzd", "KTUzd\KTUzd.csproj", "{00A73443-5B2B-4267-BA51-22578789BFC6}"
EndProject
Project("{FAE04EC0-301F-11D3-BF4B-00C04F79EFBC}") = "UnitTestai", "UnitTestai\UnitTestai.csproj", "{18C91297-94F0-4930-B1B2-62D19723EB78}"
EndProject
Project("{2150E333-8FDC-42A3-9474-1A3956D46DE8}") = "Solution Items", "Solution Items", "{830CF0C0-2F12-44A1-9549-459AA69990CD}"
	ProjectSection(SolutionItems) = preProject
		KTUzd.vsmdi = KTUzd.vsmdi
		LocalTestRun.testrunconfig = LocalTestRun.testrunconfig
	EndProjectSection
EndProject
Global
	GlobalSection(SubversionScc) = preSolution
		Svn-Managed = True
		Manager = AnkhSVN - Subversion Support for Visual Studio
	EndGlobalSection
	GlobalSection(TestCaseManagementSettings) = postSolution
		CategoryFile = KTUzd.vsmdi
	EndGlobalSection
	GlobalSection(SolutionConfigurationPlatforms) = preSolution
		Debug|Any CPU = Debug|Any CPU
		Release|Any CPU = Release|Any CPU
	EndGlobalSection
	GlobalSection(ProjectConfigurationPlatforms) = postSolution
		{00A73443-5B2B-4267-BA51-22578789BFC6}.Debug|Any CPU.ActiveCfg = Debug|Any CPU
		{00A73443-5B2B-4267-BA51-22578789BFC6}.Debug|Any CPU.Build.0 = Debug|Any CPU
		{00A73443-5B2B-4267-BA51-22578789BFC6}.Release|Any CPU.ActiveCfg = Release|Any CPU
		{00A73443-5B2B-4267-BA51-22578789BFC6}.Release|Any CPU.Build.0 = Release|Any CPU
		{18C91297-94F0-4930-B1B2-62D19723EB78}.Debug|Any CPU.ActiveCfg = Debug|Any CPU
		{18C91297-94F0-4930-B1B2-62D19723EB78}.Debug|Any CPU.Build.0 = Debug|Any CPU
		{18C91297-94F0-4930-B1B2-62D19723EB78}.Release|Any CPU.ActiveCfg = Release|Any CPU
		{18C91297-94F0-4930-B1B2-62D19723EB78}.Release|Any CPU.Build.0 = Release|Any CPU
	EndGlobalSection
	GlobalSection(SolutionProperties) = preSolution
		HideSolutionNode = FALSE
	EndGlobalSection
EndGlobal
