
Microsoft Visual Studio Solution File, Format Version 10.00
# Visual Studio 2008
Project("{FAE04EC0-301F-11D3-BF4B-00C04F79EFBC}") = "KTUzd", "KTUzd\KTUzd.csproj", "{00A73443-5B2B-4267-BA51-22578789BFC6}"
EndProject
Global
	GlobalSection(SubversionScc) = preSolution
		Svn-Managed = True
		Manager = AnkhSVN - Subversion Support for Visual Studio
	EndGlobalSection
	GlobalSection(SolutionConfigurationPlatforms) = preSolution
		Debug|Any CPU = Debug|Any CPU
		Release|Any CPU = Release|Any CPU
	EndGlobalSection
	GlobalSection(ProjectConfigurationPlatforms) = postSolution
		{00A73443-5B2B-4267-BA51-22578789BFC6}.Debug|Any CPU.ActiveCfg = Debug|Any CPU
		{00A73443-5B2B-4267-BA51-22578789BFC6}.Debug|Any CPU.Build.0 = Debug|Any CPU
		{00A73443-5B2B-4267-BA51-22578789BFC6}.Release|Any CPU.ActiveCfg = Release|Any CPU
		{00A73443-5B2B-4267-BA51-22578789BFC6}.Release|Any CPU.Build.0 = Release|Any CPU
	EndGlobalSection
	GlobalSection(SolutionProperties) = preSolution
		HideSolutionNode = FALSE
	EndGlobalSection
EndGlobal
