
Microsoft Visual Studio Solution File, Format Version 10.00
# Visual Studio 2008
Project("{FAE04EC0-301F-11D3-BF4B-00C04F79EFBC}") = "PSI2", "PSI2\PSI2.csproj", "{195D3DEC-2FAC-45E2-90C4-35143B751F4D}"
EndProject
Project("{FAE04EC0-301F-11D3-BF4B-00C04F79EFBC}") = "PSI3", "..\..\..\PSI3\PSI3\PSI3.csproj", "{47E80FDD-075F-46AE-9C64-7C4B6553AFF3}"
EndProject
Global
	GlobalSection(SolutionConfigurationPlatforms) = preSolution
		Debug|Any CPU = Debug|Any CPU
		Release|Any CPU = Release|Any CPU
	EndGlobalSection
	GlobalSection(ProjectConfigurationPlatforms) = postSolution
		{195D3DEC-2FAC-45E2-90C4-35143B751F4D}.Debug|Any CPU.ActiveCfg = Debug|Any CPU
		{195D3DEC-2FAC-45E2-90C4-35143B751F4D}.Debug|Any CPU.Build.0 = Debug|Any CPU
		{195D3DEC-2FAC-45E2-90C4-35143B751F4D}.Release|Any CPU.ActiveCfg = Release|Any CPU
		{195D3DEC-2FAC-45E2-90C4-35143B751F4D}.Release|Any CPU.Build.0 = Release|Any CPU
		{47E80FDD-075F-46AE-9C64-7C4B6553AFF3}.Debug|Any CPU.ActiveCfg = Debug|Any CPU
		{47E80FDD-075F-46AE-9C64-7C4B6553AFF3}.Debug|Any CPU.Build.0 = Debug|Any CPU
		{47E80FDD-075F-46AE-9C64-7C4B6553AFF3}.Release|Any CPU.ActiveCfg = Release|Any CPU
		{47E80FDD-075F-46AE-9C64-7C4B6553AFF3}.Release|Any CPU.Build.0 = Release|Any CPU
	EndGlobalSection
	GlobalSection(SolutionProperties) = preSolution
		HideSolutionNode = FALSE
	EndGlobalSection
EndGlobal
